{
  "name": "scrooge-mode",
  "version": "0.22.1",
  "lockfileVersion": 3,
  "requires": true,
  "packages": {
    "": {
      "name": "scrooge-mode",
      "version": "0.22.1",
      "license": "MIT",
      "bin": {
        "scrooge": "bin/install.js"
      },
      "engines": {
        "node": ">=18"
      },
      "peerDependencies": {
        "skills": "^1.5"
      },
      "peerDependenciesMeta": {
        "skills": {
          "optional": true
        }
      }
    }
  }
}
